// !$*UTF8*$!
{
	archiveVersion = 1;
	classes = {
	};
	objectVersion = 56;
	objects = {

/* Begin PBXBuildFile section */
		91727A993F594BF9FE9A8B62 /* Pods_RickAndMorty.framework in Frameworks */ = {isa = PBXBuildFile; fileRef = DB62A9A8D361412C5467AD76 /* Pods_RickAndMorty.framework */; };
		A7158B672C37A3FD00F41940 /* APIRequest.swift in Sources */ = {isa = PBXBuildFile; fileRef = A7158B662C37A3FD00F41940 /* APIRequest.swift */; };
		A7158B6A2C37A45500F41940 /* Endpoint.swift in Sources */ = {isa = PBXBuildFile; fileRef = A7158B692C37A45500F41940 /* Endpoint.swift */; };
		A7158B6C2C37A4A900F41940 /* GenericRequest.swift in Sources */ = {isa = PBXBuildFile; fileRef = A7158B6B2C37A4A900F41940 /* GenericRequest.swift */; };
		A71B67072C26379D000D2056 /* Data.swift in Sources */ = {isa = PBXBuildFile; fileRef = A71B67062C26379D000D2056 /* Data.swift */; };
		A71B67092C2722ED000D2056 /* EndpointType.swift in Sources */ = {isa = PBXBuildFile; fileRef = A71B67082C2722ED000D2056 /* EndpointType.swift */; };
		A71B670B2C272E66000D2056 /* CharacterViewModel.swift in Sources */ = {isa = PBXBuildFile; fileRef = A71B670A2C272E66000D2056 /* CharacterViewModel.swift */; };
		A71B67112C27A576000D2056 /* EpisodeModel.swift in Sources */ = {isa = PBXBuildFile; fileRef = A71B67102C27A576000D2056 /* EpisodeModel.swift */; };
		A71B67142C27A657000D2056 /* LocationModel.swift in Sources */ = {isa = PBXBuildFile; fileRef = A71B67132C27A657000D2056 /* LocationModel.swift */; };
		A71B67162C27A742000D2056 /* EpisodeRepository.swift in Sources */ = {isa = PBXBuildFile; fileRef = A71B67152C27A742000D2056 /* EpisodeRepository.swift */; };
		A71B67182C27A749000D2056 /* EpisodeViewModel.swift in Sources */ = {isa = PBXBuildFile; fileRef = A71B67172C27A749000D2056 /* EpisodeViewModel.swift */; };
		A71B671A2C27A753000D2056 /* EpisodeView.swift in Sources */ = {isa = PBXBuildFile; fileRef = A71B67192C27A753000D2056 /* EpisodeView.swift */; };
		A71B671C2C28A5A8000D2056 /* ErrorView.swift in Sources */ = {isa = PBXBuildFile; fileRef = A71B671B2C28A5A8000D2056 /* ErrorView.swift */; };
		A71B671E2C28A5FE000D2056 /* Color+Extensions.swift in Sources */ = {isa = PBXBuildFile; fileRef = A71B671D2C28A5FE000D2056 /* Color+Extensions.swift */; };
		A71B67212C28A699000D2056 /* Localizable.strings in Resources */ = {isa = PBXBuildFile; fileRef = A71B671F2C28A699000D2056 /* Localizable.strings */; };
		A71B67232C28A6C4000D2056 /* String+Extension.swift in Sources */ = {isa = PBXBuildFile; fileRef = A71B67222C28A6C4000D2056 /* String+Extension.swift */; };
		A71B67252C28A769000D2056 /* NavigationStateManager.swift in Sources */ = {isa = PBXBuildFile; fileRef = A71B67242C28A769000D2056 /* NavigationStateManager.swift */; };
		A71B67272C28B021000D2056 /* GenericTextConfig.swift in Sources */ = {isa = PBXBuildFile; fileRef = A71B67262C28B021000D2056 /* GenericTextConfig.swift */; };
		A71B67292C28B0D3000D2056 /* NetworkMonitor.swift in Sources */ = {isa = PBXBuildFile; fileRef = A71B67282C28B0D3000D2056 /* NetworkMonitor.swift */; };
		A71B67352C29A708000D2056 /* FirebaseAnalytics in Frameworks */ = {isa = PBXBuildFile; productRef = A71B67342C29A708000D2056 /* FirebaseAnalytics */; };
		A71B67372C29A708000D2056 /* FirebaseAnalyticsSwift in Frameworks */ = {isa = PBXBuildFile; productRef = A71B67362C29A708000D2056 /* FirebaseAnalyticsSwift */; };
		A71B67392C29A708000D2056 /* FirebaseAnalyticsWithoutAdIdSupport in Frameworks */ = {isa = PBXBuildFile; productRef = A71B67382C29A708000D2056 /* FirebaseAnalyticsWithoutAdIdSupport */; };
		A71B673B2C29A708000D2056 /* FirebaseAppCheck in Frameworks */ = {isa = PBXBuildFile; productRef = A71B673A2C29A708000D2056 /* FirebaseAppCheck */; };
		A71B673D2C29A708000D2056 /* FirebaseAuth in Frameworks */ = {isa = PBXBuildFile; productRef = A71B673C2C29A708000D2056 /* FirebaseAuth */; };
		A71B673F2C29A708000D2056 /* FirebaseAuthCombine-Community in Frameworks */ = {isa = PBXBuildFile; productRef = A71B673E2C29A708000D2056 /* FirebaseAuthCombine-Community */; };
		A71B67412C29A708000D2056 /* FirebaseCrashlytics in Frameworks */ = {isa = PBXBuildFile; productRef = A71B67402C29A708000D2056 /* FirebaseCrashlytics */; };
		A71B67432C29A708000D2056 /* FirebaseDynamicLinks in Frameworks */ = {isa = PBXBuildFile; productRef = A71B67422C29A708000D2056 /* FirebaseDynamicLinks */; };
		A71B67452C29A708000D2056 /* FirebaseFirestoreCombine-Community in Frameworks */ = {isa = PBXBuildFile; productRef = A71B67442C29A708000D2056 /* FirebaseFirestoreCombine-Community */; };
		A71B67472C29A708000D2056 /* FirebaseFirestoreSwift in Frameworks */ = {isa = PBXBuildFile; productRef = A71B67462C29A708000D2056 /* FirebaseFirestoreSwift */; };
		A71B67492C29A708000D2056 /* FirebaseMessaging in Frameworks */ = {isa = PBXBuildFile; productRef = A71B67482C29A708000D2056 /* FirebaseMessaging */; };
		A71B674B2C29A708000D2056 /* FirebaseRemoteConfig in Frameworks */ = {isa = PBXBuildFile; productRef = A71B674A2C29A708000D2056 /* FirebaseRemoteConfig */; };
		A71B674D2C29A708000D2056 /* FirebaseStorage in Frameworks */ = {isa = PBXBuildFile; productRef = A71B674C2C29A708000D2056 /* FirebaseStorage */; };
		A71B67522C29A9DC000D2056 /* LoginViewModel.swift in Sources */ = {isa = PBXBuildFile; fileRef = A71B67512C29A9DC000D2056 /* LoginViewModel.swift */; };
		A71B67562C29AA7E000D2056 /* RegisterViewModel.swift in Sources */ = {isa = PBXBuildFile; fileRef = A71B67552C29AA7E000D2056 /* RegisterViewModel.swift */; };
		A71B67592C29AB39000D2056 /* GoogleSignIn in Frameworks */ = {isa = PBXBuildFile; productRef = A71B67582C29AB39000D2056 /* GoogleSignIn */; };
		A71B675B2C29AB39000D2056 /* GoogleSignInSwift in Frameworks */ = {isa = PBXBuildFile; productRef = A71B675A2C29AB39000D2056 /* GoogleSignInSwift */; };
		A73F7A502C2B65E4009DAC28 /* AuthManager.swift in Sources */ = {isa = PBXBuildFile; fileRef = A73F7A4F2C2B65E4009DAC28 /* AuthManager.swift */; };
		A73F7A522C2B6623009DAC28 /* AuthState.swift in Sources */ = {isa = PBXBuildFile; fileRef = A73F7A512C2B6623009DAC28 /* AuthState.swift */; };
		A73F7A542C2B706B009DAC28 /* LoginView.swift in Sources */ = {isa = PBXBuildFile; fileRef = A73F7A532C2B706B009DAC28 /* LoginView.swift */; };
		A73F7A562C2B7890009DAC28 /* InputTextView.swift in Sources */ = {isa = PBXBuildFile; fileRef = A73F7A552C2B7890009DAC28 /* InputTextView.swift */; };
		A73F7A582C2B8AC3009DAC28 /* LoginModel.swift in Sources */ = {isa = PBXBuildFile; fileRef = A73F7A572C2B8AC3009DAC28 /* LoginModel.swift */; };
		A73F7A5A2C2C634E009DAC28 /* GoogleService-Info.plist in Resources */ = {isa = PBXBuildFile; fileRef = A73F7A592C2C634E009DAC28 /* GoogleService-Info.plist */; };
		A79916772C2617E4001CE54B /* CharacterView.swift in Sources */ = {isa = PBXBuildFile; fileRef = A79916762C2617E4001CE54B /* CharacterView.swift */; };
		A79916792C261EBA001CE54B /* CharacterRepository.swift in Sources */ = {isa = PBXBuildFile; fileRef = A79916782C261EBA001CE54B /* CharacterRepository.swift */; };
		A799167C2C262E8D001CE54B /* NetworkError.swift in Sources */ = {isa = PBXBuildFile; fileRef = A799167B2C262E8D001CE54B /* NetworkError.swift */; };
		A799167E2C262F96001CE54B /* KeychainManager.swift in Sources */ = {isa = PBXBuildFile; fileRef = A799167D2C262F96001CE54B /* KeychainManager.swift */; };
		A7BB16612C239D60004211B3 /* RickAndMortyApp.swift in Sources */ = {isa = PBXBuildFile; fileRef = A7BB16602C239D60004211B3 /* RickAndMortyApp.swift */; };
		A7BB16632C239D60004211B3 /* ContentView.swift in Sources */ = {isa = PBXBuildFile; fileRef = A7BB16622C239D60004211B3 /* ContentView.swift */; };
		A7BB16652C239D62004211B3 /* Assets.xcassets in Resources */ = {isa = PBXBuildFile; fileRef = A7BB16642C239D62004211B3 /* Assets.xcassets */; };
		A7BB16682C239D62004211B3 /* Preview Assets.xcassets in Resources */ = {isa = PBXBuildFile; fileRef = A7BB16672C239D62004211B3 /* Preview Assets.xcassets */; };
		A7BB166A2C239D62004211B3 /* Persistence.swift in Sources */ = {isa = PBXBuildFile; fileRef = A7BB16692C239D62004211B3 /* Persistence.swift */; };
		A7BB166D2C239D62004211B3 /* RickAndMorty.xcdatamodeld in Sources */ = {isa = PBXBuildFile; fileRef = A7BB166B2C239D62004211B3 /* RickAndMorty.xcdatamodeld */; };
		A7BB16792C239DE2004211B3 /* VerifyJailbroken.swift in Sources */ = {isa = PBXBuildFile; fileRef = A7BB16782C239DE2004211B3 /* VerifyJailbroken.swift */; };
		A7BB167B2C239E04004211B3 /* DependencyContainer.swift in Sources */ = {isa = PBXBuildFile; fileRef = A7BB167A2C239E04004211B3 /* DependencyContainer.swift */; };
		A7BB167D2C239E24004211B3 /* DependencyContainerRegister.swift in Sources */ = {isa = PBXBuildFile; fileRef = A7BB167C2C239E24004211B3 /* DependencyContainerRegister.swift */; };
		A7BB167F2C23A58E004211B3 /* AppDelegate.swift in Sources */ = {isa = PBXBuildFile; fileRef = A7BB167E2C23A58E004211B3 /* AppDelegate.swift */; };
		A7BB16822C23A646004211B3 /* CharacterModel.swift in Sources */ = {isa = PBXBuildFile; fileRef = A7BB16812C23A646004211B3 /* CharacterModel.swift */; };
		A7BB16862C2514B8004211B3 /* GenericButton.swift in Sources */ = {isa = PBXBuildFile; fileRef = A7BB16852C2514B8004211B3 /* GenericButton.swift */; };
/* End PBXBuildFile section */

/* Begin PBXFileReference section */
		999C88EE7FEEDC91A60908DD /* Pods-RickAndMorty.debug.xcconfig */ = {isa = PBXFileReference; includeInIndex = 1; lastKnownFileType = text.xcconfig; name = "Pods-RickAndMorty.debug.xcconfig"; path = "Target Support Files/Pods-RickAndMorty/Pods-RickAndMorty.debug.xcconfig"; sourceTree = "<group>"; };
		A7158B662C37A3FD00F41940 /* APIRequest.swift */ = {isa = PBXFileReference; lastKnownFileType = sourcecode.swift; path = APIRequest.swift; sourceTree = "<group>"; };
		A7158B692C37A45500F41940 /* Endpoint.swift */ = {isa = PBXFileReference; lastKnownFileType = sourcecode.swift; path = Endpoint.swift; sourceTree = "<group>"; };
		A7158B6B2C37A4A900F41940 /* GenericRequest.swift */ = {isa = PBXFileReference; lastKnownFileType = sourcecode.swift; path = GenericRequest.swift; sourceTree = "<group>"; };
		A71B67062C26379D000D2056 /* Data.swift */ = {isa = PBXFileReference; lastKnownFileType = sourcecode.swift; path = Data.swift; sourceTree = "<group>"; };
		A71B67082C2722ED000D2056 /* EndpointType.swift */ = {isa = PBXFileReference; lastKnownFileType = sourcecode.swift; path = EndpointType.swift; sourceTree = "<group>"; };
		A71B670A2C272E66000D2056 /* CharacterViewModel.swift */ = {isa = PBXFileReference; lastKnownFileType = sourcecode.swift; path = CharacterViewModel.swift; sourceTree = "<group>"; };
		A71B67102C27A576000D2056 /* EpisodeModel.swift */ = {isa = PBXFileReference; lastKnownFileType = sourcecode.swift; path = EpisodeModel.swift; sourceTree = "<group>"; };
		A71B67132C27A657000D2056 /* LocationModel.swift */ = {isa = PBXFileReference; lastKnownFileType = sourcecode.swift; path = LocationModel.swift; sourceTree = "<group>"; };
		A71B67152C27A742000D2056 /* EpisodeRepository.swift */ = {isa = PBXFileReference; lastKnownFileType = sourcecode.swift; path = EpisodeRepository.swift; sourceTree = "<group>"; };
		A71B67172C27A749000D2056 /* EpisodeViewModel.swift */ = {isa = PBXFileReference; lastKnownFileType = sourcecode.swift; path = EpisodeViewModel.swift; sourceTree = "<group>"; };
		A71B67192C27A753000D2056 /* EpisodeView.swift */ = {isa = PBXFileReference; lastKnownFileType = sourcecode.swift; path = EpisodeView.swift; sourceTree = "<group>"; };
		A71B671B2C28A5A8000D2056 /* ErrorView.swift */ = {isa = PBXFileReference; lastKnownFileType = sourcecode.swift; path = ErrorView.swift; sourceTree = "<group>"; };
		A71B671D2C28A5FE000D2056 /* Color+Extensions.swift */ = {isa = PBXFileReference; lastKnownFileType = sourcecode.swift; path = "Color+Extensions.swift"; sourceTree = "<group>"; };
		A71B67202C28A699000D2056 /* en */ = {isa = PBXFileReference; lastKnownFileType = text.plist.strings; name = en; path = en.lproj/Localizable.strings; sourceTree = "<group>"; };
		A71B67222C28A6C4000D2056 /* String+Extension.swift */ = {isa = PBXFileReference; lastKnownFileType = sourcecode.swift; path = "String+Extension.swift"; sourceTree = "<group>"; };
		A71B67242C28A769000D2056 /* NavigationStateManager.swift */ = {isa = PBXFileReference; lastKnownFileType = sourcecode.swift; path = NavigationStateManager.swift; sourceTree = "<group>"; };
		A71B67262C28B021000D2056 /* GenericTextConfig.swift */ = {isa = PBXFileReference; lastKnownFileType = sourcecode.swift; path = GenericTextConfig.swift; sourceTree = "<group>"; };
		A71B67282C28B0D3000D2056 /* NetworkMonitor.swift */ = {isa = PBXFileReference; lastKnownFileType = sourcecode.swift; path = NetworkMonitor.swift; sourceTree = "<group>"; };
		A71B67512C29A9DC000D2056 /* LoginViewModel.swift */ = {isa = PBXFileReference; lastKnownFileType = sourcecode.swift; path = LoginViewModel.swift; sourceTree = "<group>"; };
		A71B67552C29AA7E000D2056 /* RegisterViewModel.swift */ = {isa = PBXFileReference; lastKnownFileType = sourcecode.swift; path = RegisterViewModel.swift; sourceTree = "<group>"; };
		A73F7A4F2C2B65E4009DAC28 /* AuthManager.swift */ = {isa = PBXFileReference; lastKnownFileType = sourcecode.swift; path = AuthManager.swift; sourceTree = "<group>"; };
		A73F7A512C2B6623009DAC28 /* AuthState.swift */ = {isa = PBXFileReference; lastKnownFileType = sourcecode.swift; path = AuthState.swift; sourceTree = "<group>"; };
		A73F7A532C2B706B009DAC28 /* LoginView.swift */ = {isa = PBXFileReference; lastKnownFileType = sourcecode.swift; path = LoginView.swift; sourceTree = "<group>"; };
		A73F7A552C2B7890009DAC28 /* InputTextView.swift */ = {isa = PBXFileReference; lastKnownFileType = sourcecode.swift; path = InputTextView.swift; sourceTree = "<group>"; };
		A73F7A572C2B8AC3009DAC28 /* LoginModel.swift */ = {isa = PBXFileReference; lastKnownFileType = sourcecode.swift; path = LoginModel.swift; sourceTree = "<group>"; };
		A73F7A592C2C634E009DAC28 /* GoogleService-Info.plist */ = {isa = PBXFileReference; fileEncoding = 4; lastKnownFileType = text.plist.xml; path = "GoogleService-Info.plist"; sourceTree = "<group>"; };
		A79916762C2617E4001CE54B /* CharacterView.swift */ = {isa = PBXFileReference; lastKnownFileType = sourcecode.swift; path = CharacterView.swift; sourceTree = "<group>"; };
		A79916782C261EBA001CE54B /* CharacterRepository.swift */ = {isa = PBXFileReference; lastKnownFileType = sourcecode.swift; path = CharacterRepository.swift; sourceTree = "<group>"; };
		A799167B2C262E8D001CE54B /* NetworkError.swift */ = {isa = PBXFileReference; lastKnownFileType = sourcecode.swift; path = NetworkError.swift; sourceTree = "<group>"; };
		A799167D2C262F96001CE54B /* KeychainManager.swift */ = {isa = PBXFileReference; lastKnownFileType = sourcecode.swift; path = KeychainManager.swift; sourceTree = "<group>"; };
		A7BB165D2C239D60004211B3 /* RickAndMorty.app */ = {isa = PBXFileReference; explicitFileType = wrapper.application; includeInIndex = 0; path = RickAndMorty.app; sourceTree = BUILT_PRODUCTS_DIR; };
		A7BB16602C239D60004211B3 /* RickAndMortyApp.swift */ = {isa = PBXFileReference; lastKnownFileType = sourcecode.swift; path = RickAndMortyApp.swift; sourceTree = "<group>"; };
		A7BB16622C239D60004211B3 /* ContentView.swift */ = {isa = PBXFileReference; lastKnownFileType = sourcecode.swift; path = ContentView.swift; sourceTree = "<group>"; };
		A7BB16642C239D62004211B3 /* Assets.xcassets */ = {isa = PBXFileReference; lastKnownFileType = folder.assetcatalog; path = Assets.xcassets; sourceTree = "<group>"; };
		A7BB16672C239D62004211B3 /* Preview Assets.xcassets */ = {isa = PBXFileReference; lastKnownFileType = folder.assetcatalog; path = "Preview Assets.xcassets"; sourceTree = "<group>"; };
		A7BB16692C239D62004211B3 /* Persistence.swift */ = {isa = PBXFileReference; lastKnownFileType = sourcecode.swift; path = Persistence.swift; sourceTree = "<group>"; };
		A7BB166C2C239D62004211B3 /* RickAndMorty.xcdatamodel */ = {isa = PBXFileReference; lastKnownFileType = wrapper.xcdatamodel; path = RickAndMorty.xcdatamodel; sourceTree = "<group>"; };
		A7BB16782C239DE2004211B3 /* VerifyJailbroken.swift */ = {isa = PBXFileReference; lastKnownFileType = sourcecode.swift; path = VerifyJailbroken.swift; sourceTree = "<group>"; };
		A7BB167A2C239E04004211B3 /* DependencyContainer.swift */ = {isa = PBXFileReference; lastKnownFileType = sourcecode.swift; path = DependencyContainer.swift; sourceTree = "<group>"; };
		A7BB167C2C239E24004211B3 /* DependencyContainerRegister.swift */ = {isa = PBXFileReference; lastKnownFileType = sourcecode.swift; path = DependencyContainerRegister.swift; sourceTree = "<group>"; };
		A7BB167E2C23A58E004211B3 /* AppDelegate.swift */ = {isa = PBXFileReference; lastKnownFileType = sourcecode.swift; path = AppDelegate.swift; sourceTree = "<group>"; };
		A7BB16812C23A646004211B3 /* CharacterModel.swift */ = {isa = PBXFileReference; lastKnownFileType = sourcecode.swift; path = CharacterModel.swift; sourceTree = "<group>"; };
		A7BB16852C2514B8004211B3 /* GenericButton.swift */ = {isa = PBXFileReference; lastKnownFileType = sourcecode.swift; path = GenericButton.swift; sourceTree = "<group>"; };
		DB62A9A8D361412C5467AD76 /* Pods_RickAndMorty.framework */ = {isa = PBXFileReference; explicitFileType = wrapper.framework; includeInIndex = 0; path = Pods_RickAndMorty.framework; sourceTree = BUILT_PRODUCTS_DIR; };
		EEC49894DDAD057ACDDCE55A /* Pods-RickAndMorty.release.xcconfig */ = {isa = PBXFileReference; includeInIndex = 1; lastKnownFileType = text.xcconfig; name = "Pods-RickAndMorty.release.xcconfig"; path = "Target Support Files/Pods-RickAndMorty/Pods-RickAndMorty.release.xcconfig"; sourceTree = "<group>"; };
/* End PBXFileReference section */

/* Begin PBXFrameworksBuildPhase section */
		A7BB165A2C239D60004211B3 /* Frameworks */ = {
			isa = PBXFrameworksBuildPhase;
			buildActionMask = 2147483647;
			files = (
				A71B67492C29A708000D2056 /* FirebaseMessaging in Frameworks */,
				A71B67372C29A708000D2056 /* FirebaseAnalyticsSwift in Frameworks */,
				A71B673D2C29A708000D2056 /* FirebaseAuth in Frameworks */,
				A71B675B2C29AB39000D2056 /* GoogleSignInSwift in Frameworks */,
				A71B67352C29A708000D2056 /* FirebaseAnalytics in Frameworks */,
				A71B67452C29A708000D2056 /* FirebaseFirestoreCombine-Community in Frameworks */,
				A71B67592C29AB39000D2056 /* GoogleSignIn in Frameworks */,
				91727A993F594BF9FE9A8B62 /* Pods_RickAndMorty.framework in Frameworks */,
				A71B67472C29A708000D2056 /* FirebaseFirestoreSwift in Frameworks */,
				A71B673B2C29A708000D2056 /* FirebaseAppCheck in Frameworks */,
				A71B67432C29A708000D2056 /* FirebaseDynamicLinks in Frameworks */,
				A71B67412C29A708000D2056 /* FirebaseCrashlytics in Frameworks */,
				A71B674B2C29A708000D2056 /* FirebaseRemoteConfig in Frameworks */,
				A71B674D2C29A708000D2056 /* FirebaseStorage in Frameworks */,
				A71B673F2C29A708000D2056 /* FirebaseAuthCombine-Community in Frameworks */,
				A71B67392C29A708000D2056 /* FirebaseAnalyticsWithoutAdIdSupport in Frameworks */,
			);
			runOnlyForDeploymentPostprocessing = 0;
		};
/* End PBXFrameworksBuildPhase section */

/* Begin PBXGroup section */
		1149755C31D93E8A1556DE87 /* Frameworks */ = {
			isa = PBXGroup;
			children = (
				DB62A9A8D361412C5467AD76 /* Pods_RickAndMorty.framework */,
			);
			name = Frameworks;
			sourceTree = "<group>";
		};
		A71B670C2C27A3C1000D2056 /* Model */ = {
			isa = PBXGroup;
			children = (
				A71B67102C27A576000D2056 /* EpisodeModel.swift */,
			);
			path = Model;
			sourceTree = "<group>";
		};
		A71B670D2C27A3C7000D2056 /* View */ = {
			isa = PBXGroup;
			children = (
				A71B67192C27A753000D2056 /* EpisodeView.swift */,
			);
			path = View;
			sourceTree = "<group>";
		};
		A71B670E2C27A3CC000D2056 /* ViewModel */ = {
			isa = PBXGroup;
			children = (
				A71B67172C27A749000D2056 /* EpisodeViewModel.swift */,
			);
			path = ViewModel;
			sourceTree = "<group>";
		};
		A71B670F2C27A3DC000D2056 /* Repository */ = {
			isa = PBXGroup;
			children = (
				A71B67152C27A742000D2056 /* EpisodeRepository.swift */,
			);
			path = Repository;
			sourceTree = "<group>";
		};
		A71B67122C27A64A000D2056 /* Model */ = {
			isa = PBXGroup;
			children = (
				A71B67132C27A657000D2056 /* LocationModel.swift */,
			);
			path = Model;
			sourceTree = "<group>";
		};
		A71B672A2C28B0F3000D2056 /* GenericViews+Components */ = {
			isa = PBXGroup;
			children = (
				A71B67262C28B021000D2056 /* GenericTextConfig.swift */,
				A71B671B2C28A5A8000D2056 /* ErrorView.swift */,
				A7BB16852C2514B8004211B3 /* GenericButton.swift */,
				A73F7A552C2B7890009DAC28 /* InputTextView.swift */,
			);
			path = "GenericViews+Components";
			sourceTree = "<group>";
		};
		A71B672C2C28B13C000D2056 /* DI */ = {
			isa = PBXGroup;
			children = (
				A7BB167A2C239E04004211B3 /* DependencyContainer.swift */,
				A7BB167C2C239E24004211B3 /* DependencyContainerRegister.swift */,
			);
			path = DI;
			sourceTree = "<group>";
		};
		A71B672D2C28B14A000D2056 /* KeyChain */ = {
			isa = PBXGroup;
			children = (
				A799167D2C262F96001CE54B /* KeychainManager.swift */,
			);
			path = KeyChain;
			sourceTree = "<group>";
		};
		A71B672E2C28B154000D2056 /* Security */ = {
			isa = PBXGroup;
			children = (
				A7BB16782C239DE2004211B3 /* VerifyJailbroken.swift */,
			);
			path = Security;
			sourceTree = "<group>";
		};
		A71B672F2C28B15C000D2056 /* NavigationFlow */ = {
			isa = PBXGroup;
			children = (
				A71B67242C28A769000D2056 /* NavigationStateManager.swift */,
			);
			path = NavigationFlow;
			sourceTree = "<group>";
		};
		A71B67302C28B174000D2056 /* Connection */ = {
			isa = PBXGroup;
			children = (
				A71B67282C28B0D3000D2056 /* NetworkMonitor.swift */,
			);
			path = Connection;
			sourceTree = "<group>";
		};
		A71B674E2C29A9C3000D2056 /* Login */ = {
			isa = PBXGroup;
			children = (
				A73F7A4A2C2B657A009DAC28 /* New Group */,
				A73F7A492C2B6572009DAC28 /* View */,
				A71B67502C29A9CE000D2056 /* ViewModel */,
				A71B674F2C29A9C9000D2056 /* Model */,
			);
			path = Login;
			sourceTree = "<group>";
		};
		A71B674F2C29A9C9000D2056 /* Model */ = {
			isa = PBXGroup;
			children = (
				A73F7A572C2B8AC3009DAC28 /* LoginModel.swift */,
			);
			path = Model;
			sourceTree = "<group>";
		};
		A71B67502C29A9CE000D2056 /* ViewModel */ = {
			isa = PBXGroup;
			children = (
				A71B67512C29A9DC000D2056 /* LoginViewModel.swift */,
			);
			path = ViewModel;
			sourceTree = "<group>";
		};
		A71B67532C29AA6B000D2056 /* Register */ = {
			isa = PBXGroup;
			children = (
				A73F7A4C2C2B6593009DAC28 /* Model */,
				A73F7A4B2C2B6588009DAC28 /* View */,
				A71B67542C29AA70000D2056 /* ViewModel */,
			);
			path = Register;
			sourceTree = "<group>";
		};
		A71B67542C29AA70000D2056 /* ViewModel */ = {
			isa = PBXGroup;
			children = (
				A71B67552C29AA7E000D2056 /* RegisterViewModel.swift */,
			);
			path = ViewModel;
			sourceTree = "<group>";
		};
		A73F7A492C2B6572009DAC28 /* View */ = {
			isa = PBXGroup;
			children = (
				A73F7A532C2B706B009DAC28 /* LoginView.swift */,
			);
			path = View;
			sourceTree = "<group>";
		};
		A73F7A4A2C2B657A009DAC28 /* New Group */ = {
			isa = PBXGroup;
			children = (
			);
			path = "New Group";
			sourceTree = "<group>";
		};
		A73F7A4B2C2B6588009DAC28 /* View */ = {
			isa = PBXGroup;
			children = (
			);
			path = View;
			sourceTree = "<group>";
		};
		A73F7A4C2C2B6593009DAC28 /* Model */ = {
			isa = PBXGroup;
			children = (
			);
			path = Model;
			sourceTree = "<group>";
		};
		A73F7A4D2C2B65CD009DAC28 /* Auth */ = {
			isa = PBXGroup;
			children = (
				A73F7A4F2C2B65E4009DAC28 /* AuthManager.swift */,
				A73F7A512C2B6623009DAC28 /* AuthState.swift */,
			);
			path = Auth;
			sourceTree = "<group>";
		};
		A799167A2C262E6B001CE54B /* Network */ = {
			isa = PBXGroup;
			children = (
				A799167B2C262E8D001CE54B /* NetworkError.swift */,
				A71B67082C2722ED000D2056 /* EndpointType.swift */,
				A7158B662C37A3FD00F41940 /* APIRequest.swift */,
				A7158B692C37A45500F41940 /* Endpoint.swift */,
				A7158B6B2C37A4A900F41940 /* GenericRequest.swift */,
			);
			path = Network;
			sourceTree = "<group>";
		};
		A799167F2C26345D001CE54B /* DB */ = {
			isa = PBXGroup;
			children = (
				A71B67062C26379D000D2056 /* Data.swift */,
			);
			path = DB;
			sourceTree = "<group>";
		};
		A7BB16542C239D60004211B3 = {
			isa = PBXGroup;
			children = (
				A7BB165F2C239D60004211B3 /* RickAndMorty */,
				A7BB165E2C239D60004211B3 /* Products */,
				DFD8AED57DA99B439D080721 /* Pods */,
				1149755C31D93E8A1556DE87 /* Frameworks */,
			);
			sourceTree = "<group>";
		};
		A7BB165E2C239D60004211B3 /* Products */ = {
			isa = PBXGroup;
			children = (
				A7BB165D2C239D60004211B3 /* RickAndMorty.app */,
			);
			name = Products;
			sourceTree = "<group>";
		};
		A7BB165F2C239D60004211B3 /* RickAndMorty */ = {
			isa = PBXGroup;
			children = (
				A71B67532C29AA6B000D2056 /* Register */,
				A71B674E2C29A9C3000D2056 /* Login */,
				A799167F2C26345D001CE54B /* DB */,
				A799167A2C262E6B001CE54B /* Network */,
				A7BB16772C239DBD004211B3 /* Core */,
				A7BB16762C239DA0004211B3 /* Utils */,
				A7BB16752C239D92004211B3 /* Location */,
				A7BB16742C239D8A004211B3 /* Episode */,
				A7BB16732C239D80004211B3 /* Character */,
				A7BB16602C239D60004211B3 /* RickAndMortyApp.swift */,
				A7BB16622C239D60004211B3 /* ContentView.swift */,
				A7BB16642C239D62004211B3 /* Assets.xcassets */,
				A7BB16692C239D62004211B3 /* Persistence.swift */,
				A7BB166B2C239D62004211B3 /* RickAndMorty.xcdatamodeld */,
				A7BB16662C239D62004211B3 /* Preview Content */,
			);
			path = RickAndMorty;
			sourceTree = "<group>";
		};
		A7BB16662C239D62004211B3 /* Preview Content */ = {
			isa = PBXGroup;
			children = (
				A7BB16672C239D62004211B3 /* Preview Assets.xcassets */,
			);
			path = "Preview Content";
			sourceTree = "<group>";
		};
		A7BB16732C239D80004211B3 /* Character */ = {
			isa = PBXGroup;
			children = (
				A7BB16892C25157D004211B3 /* ViewModel */,
				A7BB16882C251574004211B3 /* Repository */,
				A7BB16872C25156E004211B3 /* View */,
				A7BB16802C23A633004211B3 /* Model */,
			);
			path = Character;
			sourceTree = "<group>";
		};
		A7BB16742C239D8A004211B3 /* Episode */ = {
			isa = PBXGroup;
			children = (
				A71B670F2C27A3DC000D2056 /* Repository */,
				A71B670E2C27A3CC000D2056 /* ViewModel */,
				A71B670D2C27A3C7000D2056 /* View */,
				A71B670C2C27A3C1000D2056 /* Model */,
			);
			path = Episode;
			sourceTree = "<group>";
		};
		A7BB16752C239D92004211B3 /* Location */ = {
			isa = PBXGroup;
			children = (
				A71B67122C27A64A000D2056 /* Model */,
			);
			path = Location;
			sourceTree = "<group>";
		};
		A7BB16762C239DA0004211B3 /* Utils */ = {
			isa = PBXGroup;
			children = (
				A71B672A2C28B0F3000D2056 /* GenericViews+Components */,
				A71B671D2C28A5FE000D2056 /* Color+Extensions.swift */,
				A71B671F2C28A699000D2056 /* Localizable.strings */,
				A71B67222C28A6C4000D2056 /* String+Extension.swift */,
			);
			path = Utils;
			sourceTree = "<group>";
		};
		A7BB16772C239DBD004211B3 /* Core */ = {
			isa = PBXGroup;
			children = (
				A73F7A592C2C634E009DAC28 /* GoogleService-Info.plist */,
				A73F7A4D2C2B65CD009DAC28 /* Auth */,
				A71B67302C28B174000D2056 /* Connection */,
				A71B672F2C28B15C000D2056 /* NavigationFlow */,
				A71B672E2C28B154000D2056 /* Security */,
				A71B672D2C28B14A000D2056 /* KeyChain */,
				A71B672C2C28B13C000D2056 /* DI */,
				A7BB167E2C23A58E004211B3 /* AppDelegate.swift */,
			);
			path = Core;
			sourceTree = "<group>";
		};
		A7BB16802C23A633004211B3 /* Model */ = {
			isa = PBXGroup;
			children = (
				A7BB16812C23A646004211B3 /* CharacterModel.swift */,
			);
			path = Model;
			sourceTree = "<group>";
		};
		A7BB16872C25156E004211B3 /* View */ = {
			isa = PBXGroup;
			children = (
				A79916762C2617E4001CE54B /* CharacterView.swift */,
			);
			path = View;
			sourceTree = "<group>";
		};
		A7BB16882C251574004211B3 /* Repository */ = {
			isa = PBXGroup;
			children = (
				A79916782C261EBA001CE54B /* CharacterRepository.swift */,
			);
			path = Repository;
			sourceTree = "<group>";
		};
		A7BB16892C25157D004211B3 /* ViewModel */ = {
			isa = PBXGroup;
			children = (
				A71B670A2C272E66000D2056 /* CharacterViewModel.swift */,
			);
			path = ViewModel;
			sourceTree = "<group>";
		};
		DFD8AED57DA99B439D080721 /* Pods */ = {
			isa = PBXGroup;
			children = (
				999C88EE7FEEDC91A60908DD /* Pods-RickAndMorty.debug.xcconfig */,
				EEC49894DDAD057ACDDCE55A /* Pods-RickAndMorty.release.xcconfig */,
			);
			path = Pods;
			sourceTree = "<group>";
		};
/* End PBXGroup section */

/* Begin PBXNativeTarget section */
		A7BB165C2C239D60004211B3 /* RickAndMorty */ = {
			isa = PBXNativeTarget;
			buildConfigurationList = A7BB16702C239D62004211B3 /* Build configuration list for PBXNativeTarget "RickAndMorty" */;
			buildPhases = (
				CED8C281BE45200FB15A851F /* [CP] Check Pods Manifest.lock */,
				A7BB16592C239D60004211B3 /* Sources */,
				A7BB165A2C239D60004211B3 /* Frameworks */,
				A7BB165B2C239D60004211B3 /* Resources */,
				02AE8B98627BD37085E7B014 /* [CP] Embed Pods Frameworks */,
			);
			buildRules = (
			);
			dependencies = (
			);
			name = RickAndMorty;
			packageProductDependencies = (
				A71B67342C29A708000D2056 /* FirebaseAnalytics */,
				A71B67362C29A708000D2056 /* FirebaseAnalyticsSwift */,
				A71B67382C29A708000D2056 /* FirebaseAnalyticsWithoutAdIdSupport */,
				A71B673A2C29A708000D2056 /* FirebaseAppCheck */,
				A71B673C2C29A708000D2056 /* FirebaseAuth */,
				A71B673E2C29A708000D2056 /* FirebaseAuthCombine-Community */,
				A71B67402C29A708000D2056 /* FirebaseCrashlytics */,
				A71B67422C29A708000D2056 /* FirebaseDynamicLinks */,
				A71B67442C29A708000D2056 /* FirebaseFirestoreCombine-Community */,
				A71B67462C29A708000D2056 /* FirebaseFirestoreSwift */,
				A71B67482C29A708000D2056 /* FirebaseMessaging */,
				A71B674A2C29A708000D2056 /* FirebaseRemoteConfig */,
				A71B674C2C29A708000D2056 /* FirebaseStorage */,
				A71B67582C29AB39000D2056 /* GoogleSignIn */,
				A71B675A2C29AB39000D2056 /* GoogleSignInSwift */,
			);
			productName = RickAndMorty;
			productReference = A7BB165D2C239D60004211B3 /* RickAndMorty.app */;
			productType = "com.apple.product-type.application";
		};
/* End PBXNativeTarget section */

/* Begin PBXProject section */
		A7BB16552C239D60004211B3 /* Project object */ = {
			isa = PBXProject;
			attributes = {
				BuildIndependentTargetsInParallel = 1;
				LastSwiftUpdateCheck = 1530;
				LastUpgradeCheck = 1530;
				TargetAttributes = {
					A7BB165C2C239D60004211B3 = {
						CreatedOnToolsVersion = 15.3;
					};
				};
			};
			buildConfigurationList = A7BB16582C239D60004211B3 /* Build configuration list for PBXProject "RickAndMorty" */;
			compatibilityVersion = "Xcode 14.0";
			developmentRegion = en;
			hasScannedForEncodings = 0;
			knownRegions = (
				en,
				Base,
			);
			mainGroup = A7BB16542C239D60004211B3;
			packageReferences = (
				A71B67332C29A708000D2056 /* XCRemoteSwiftPackageReference "firebase-ios-sdk" */,
				A71B67572C29AB39000D2056 /* XCRemoteSwiftPackageReference "GoogleSignIn-iOS" */,
			);
			productRefGroup = A7BB165E2C239D60004211B3 /* Products */;
			projectDirPath = "";
			projectRoot = "";
			targets = (
				A7BB165C2C239D60004211B3 /* RickAndMorty */,
			);
		};
/* End PBXProject section */

/* Begin PBXResourcesBuildPhase section */
		A7BB165B2C239D60004211B3 /* Resources */ = {
			isa = PBXResourcesBuildPhase;
			buildActionMask = 2147483647;
			files = (
				A73F7A5A2C2C634E009DAC28 /* GoogleService-Info.plist in Resources */,
				A7BB16682C239D62004211B3 /* Preview Assets.xcassets in Resources */,
				A71B67212C28A699000D2056 /* Localizable.strings in Resources */,
				A7BB16652C239D62004211B3 /* Assets.xcassets in Resources */,
			);
			runOnlyForDeploymentPostprocessing = 0;
		};
/* End PBXResourcesBuildPhase section */

/* Begin PBXShellScriptBuildPhase section */
		02AE8B98627BD37085E7B014 /* [CP] Embed Pods Frameworks */ = {
			isa = PBXShellScriptBuildPhase;
			buildActionMask = 2147483647;
			files = (
			);
			inputFileListPaths = (
				"${PODS_ROOT}/Target Support Files/Pods-RickAndMorty/Pods-RickAndMorty-frameworks-${CONFIGURATION}-input-files.xcfilelist",
			);
			name = "[CP] Embed Pods Frameworks";
			outputFileListPaths = (
				"${PODS_ROOT}/Target Support Files/Pods-RickAndMorty/Pods-RickAndMorty-frameworks-${CONFIGURATION}-output-files.xcfilelist",
			);
			runOnlyForDeploymentPostprocessing = 0;
			shellPath = /bin/sh;
			shellScript = "\"${PODS_ROOT}/Target Support Files/Pods-RickAndMorty/Pods-RickAndMorty-frameworks.sh\"\n";
			showEnvVarsInLog = 0;
		};
		CED8C281BE45200FB15A851F /* [CP] Check Pods Manifest.lock */ = {
			isa = PBXShellScriptBuildPhase;
			buildActionMask = 2147483647;
			files = (
			);
			inputFileListPaths = (
			);
			inputPaths = (
				"${PODS_PODFILE_DIR_PATH}/Podfile.lock",
				"${PODS_ROOT}/Manifest.lock",
			);
			name = "[CP] Check Pods Manifest.lock";
			outputFileListPaths = (
			);
			outputPaths = (
				"$(DERIVED_FILE_DIR)/Pods-RickAndMorty-checkManifestLockResult.txt",
			);
			runOnlyForDeploymentPostprocessing = 0;
			shellPath = /bin/sh;
			shellScript = "diff \"${PODS_PODFILE_DIR_PATH}/Podfile.lock\" \"${PODS_ROOT}/Manifest.lock\" > /dev/null\nif [ $? != 0 ] ; then\n    # print error to STDERR\n    echo \"error: The sandbox is not in sync with the Podfile.lock. Run 'pod install' or update your CocoaPods installation.\" >&2\n    exit 1\nfi\n# This output is used by Xcode 'outputs' to avoid re-running this script phase.\necho \"SUCCESS\" > \"${SCRIPT_OUTPUT_FILE_0}\"\n";
			showEnvVarsInLog = 0;
		};
/* End PBXShellScriptBuildPhase section */

/* Begin PBXSourcesBuildPhase section */
		A7BB16592C239D60004211B3 /* Sources */ = {
			isa = PBXSourcesBuildPhase;
			buildActionMask = 2147483647;
			files = (
				A71B67092C2722ED000D2056 /* EndpointType.swift in Sources */,
				A71B67562C29AA7E000D2056 /* RegisterViewModel.swift in Sources */,
				A7BB167F2C23A58E004211B3 /* AppDelegate.swift in Sources */,
				A71B67072C26379D000D2056 /* Data.swift in Sources */,
				A7BB16792C239DE2004211B3 /* VerifyJailbroken.swift in Sources */,
				A7BB166D2C239D62004211B3 /* RickAndMorty.xcdatamodeld in Sources */,
				A73F7A562C2B7890009DAC28 /* InputTextView.swift in Sources */,
				A71B67112C27A576000D2056 /* EpisodeModel.swift in Sources */,
				A7BB166A2C239D62004211B3 /* Persistence.swift in Sources */,
				A79916772C2617E4001CE54B /* CharacterView.swift in Sources */,
				A71B67232C28A6C4000D2056 /* String+Extension.swift in Sources */,
				A71B671C2C28A5A8000D2056 /* ErrorView.swift in Sources */,
				A73F7A502C2B65E4009DAC28 /* AuthManager.swift in Sources */,
				A79916792C261EBA001CE54B /* CharacterRepository.swift in Sources */,
				A7BB16632C239D60004211B3 /* ContentView.swift in Sources */,
				A73F7A582C2B8AC3009DAC28 /* LoginModel.swift in Sources */,
				A71B671E2C28A5FE000D2056 /* Color+Extensions.swift in Sources */,
				A71B67292C28B0D3000D2056 /* NetworkMonitor.swift in Sources */,
				A71B67142C27A657000D2056 /* LocationModel.swift in Sources */,
				A7158B6A2C37A45500F41940 /* Endpoint.swift in Sources */,
				A71B670B2C272E66000D2056 /* CharacterViewModel.swift in Sources */,
				A7BB167B2C239E04004211B3 /* DependencyContainer.swift in Sources */,
				A71B67272C28B021000D2056 /* GenericTextConfig.swift in Sources */,
				A7BB16822C23A646004211B3 /* CharacterModel.swift in Sources */,
				A71B671A2C27A753000D2056 /* EpisodeView.swift in Sources */,
				A799167E2C262F96001CE54B /* KeychainManager.swift in Sources */,
				A7BB167D2C239E24004211B3 /* DependencyContainerRegister.swift in Sources */,
				A71B67182C27A749000D2056 /* EpisodeViewModel.swift in Sources */,
				A71B67522C29A9DC000D2056 /* LoginViewModel.swift in Sources */,
				A799167C2C262E8D001CE54B /* NetworkError.swift in Sources */,
				A7BB16612C239D60004211B3 /* RickAndMortyApp.swift in Sources */,
				A71B67252C28A769000D2056 /* NavigationStateManager.swift in Sources */,
				A73F7A522C2B6623009DAC28 /* AuthState.swift in Sources */,
				A7158B6C2C37A4A900F41940 /* GenericRequest.swift in Sources */,
				A73F7A542C2B706B009DAC28 /* LoginView.swift in Sources */,
				A7BB16862C2514B8004211B3 /* GenericButton.swift in Sources */,
				A7158B672C37A3FD00F41940 /* APIRequest.swift in Sources */,
				A71B67162C27A742000D2056 /* EpisodeRepository.swift in Sources */,
			);
			runOnlyForDeploymentPostprocessing = 0;
		};
/* End PBXSourcesBuildPhase section */

/* Begin PBXVariantGroup section */
		A71B671F2C28A699000D2056 /* Localizable.strings */ = {
			isa = PBXVariantGroup;
			children = (
				A71B67202C28A699000D2056 /* en */,
			);
			name = Localizable.strings;
			sourceTree = "<group>";
		};
/* End PBXVariantGroup section */

/* Begin XCBuildConfiguration section */
		A7BB166E2C239D62004211B3 /* Debug */ = {
			isa = XCBuildConfiguration;
			buildSettings = {
				ALWAYS_SEARCH_USER_PATHS = NO;
				ASSETCATALOG_COMPILER_GENERATE_SWIFT_ASSET_SYMBOL_EXTENSIONS = YES;
				CLANG_ANALYZER_NONNULL = YES;
				CLANG_ANALYZER_NUMBER_OBJECT_CONVERSION = YES_AGGRESSIVE;
				CLANG_CXX_LANGUAGE_STANDARD = "gnu++20";
				CLANG_ENABLE_MODULES = YES;
				CLANG_ENABLE_OBJC_ARC = YES;
				CLANG_ENABLE_OBJC_WEAK = YES;
				CLANG_WARN_BLOCK_CAPTURE_AUTORELEASING = YES;
				CLANG_WARN_BOOL_CONVERSION = YES;
				CLANG_WARN_COMMA = YES;
				CLANG_WARN_CONSTANT_CONVERSION = YES;
				CLANG_WARN_DEPRECATED_OBJC_IMPLEMENTATIONS = YES;
				CLANG_WARN_DIRECT_OBJC_ISA_USAGE = YES_ERROR;
				CLANG_WARN_DOCUMENTATION_COMMENTS = YES;
				CLANG_WARN_EMPTY_BODY = YES;
				CLANG_WARN_ENUM_CONVERSION = YES;
				CLANG_WARN_INFINITE_RECURSION = YES;
				CLANG_WARN_INT_CONVERSION = YES;
				CLANG_WARN_NON_LITERAL_NULL_CONVERSION = YES;
				CLANG_WARN_OBJC_IMPLICIT_RETAIN_SELF = YES;
				CLANG_WARN_OBJC_LITERAL_CONVERSION = YES;
				CLANG_WARN_OBJC_ROOT_CLASS = YES_ERROR;
				CLANG_WARN_QUOTED_INCLUDE_IN_FRAMEWORK_HEADER = YES;
				CLANG_WARN_RANGE_LOOP_ANALYSIS = YES;
				CLANG_WARN_STRICT_PROTOTYPES = YES;
				CLANG_WARN_SUSPICIOUS_MOVE = YES;
				CLANG_WARN_UNGUARDED_AVAILABILITY = YES_AGGRESSIVE;
				CLANG_WARN_UNREACHABLE_CODE = YES;
				CLANG_WARN__DUPLICATE_METHOD_MATCH = YES;
				COPY_PHASE_STRIP = NO;
				DEBUG_INFORMATION_FORMAT = dwarf;
				ENABLE_STRICT_OBJC_MSGSEND = YES;
				ENABLE_TESTABILITY = YES;
				ENABLE_USER_SCRIPT_SANDBOXING = NO;
				GCC_C_LANGUAGE_STANDARD = gnu17;
				GCC_DYNAMIC_NO_PIC = NO;
				GCC_NO_COMMON_BLOCKS = YES;
				GCC_OPTIMIZATION_LEVEL = 0;
				GCC_PREPROCESSOR_DEFINITIONS = (
					"DEBUG=1",
					"$(inherited)",
				);
				GCC_WARN_64_TO_32_BIT_CONVERSION = YES;
				GCC_WARN_ABOUT_RETURN_TYPE = YES_ERROR;
				GCC_WARN_UNDECLARED_SELECTOR = YES;
				GCC_WARN_UNINITIALIZED_AUTOS = YES_AGGRESSIVE;
				GCC_WARN_UNUSED_FUNCTION = YES;
				GCC_WARN_UNUSED_VARIABLE = YES;
				IPHONEOS_DEPLOYMENT_TARGET = 17.4;
				LOCALIZATION_PREFERS_STRING_CATALOGS = YES;
				MTL_ENABLE_DEBUG_INFO = INCLUDE_SOURCE;
				MTL_FAST_MATH = YES;
				ONLY_ACTIVE_ARCH = YES;
				SDKROOT = iphoneos;
				SWIFT_ACTIVE_COMPILATION_CONDITIONS = "DEBUG $(inherited)";
				SWIFT_OPTIMIZATION_LEVEL = "-Onone";
			};
			name = Debug;
		};
		A7BB166F2C239D62004211B3 /* Release */ = {
			isa = XCBuildConfiguration;
			buildSettings = {
				ALWAYS_SEARCH_USER_PATHS = NO;
				ASSETCATALOG_COMPILER_GENERATE_SWIFT_ASSET_SYMBOL_EXTENSIONS = YES;
				CLANG_ANALYZER_NONNULL = YES;
				CLANG_ANALYZER_NUMBER_OBJECT_CONVERSION = YES_AGGRESSIVE;
				CLANG_CXX_LANGUAGE_STANDARD = "gnu++20";
				CLANG_ENABLE_MODULES = YES;
				CLANG_ENABLE_OBJC_ARC = YES;
				CLANG_ENABLE_OBJC_WEAK = YES;
				CLANG_WARN_BLOCK_CAPTURE_AUTORELEASING = YES;
				CLANG_WARN_BOOL_CONVERSION = YES;
				CLANG_WARN_COMMA = YES;
				CLANG_WARN_CONSTANT_CONVERSION = YES;
				CLANG_WARN_DEPRECATED_OBJC_IMPLEMENTATIONS = YES;
				CLANG_WARN_DIRECT_OBJC_ISA_USAGE = YES_ERROR;
				CLANG_WARN_DOCUMENTATION_COMMENTS = YES;
				CLANG_WARN_EMPTY_BODY = YES;
				CLANG_WARN_ENUM_CONVERSION = YES;
				CLANG_WARN_INFINITE_RECURSION = YES;
				CLANG_WARN_INT_CONVERSION = YES;
				CLANG_WARN_NON_LITERAL_NULL_CONVERSION = YES;
				CLANG_WARN_OBJC_IMPLICIT_RETAIN_SELF = YES;
				CLANG_WARN_OBJC_LITERAL_CONVERSION = YES;
				CLANG_WARN_OBJC_ROOT_CLASS = YES_ERROR;
				CLANG_WARN_QUOTED_INCLUDE_IN_FRAMEWORK_HEADER = YES;
				CLANG_WARN_RANGE_LOOP_ANALYSIS = YES;
				CLANG_WARN_STRICT_PROTOTYPES = YES;
				CLANG_WARN_SUSPICIOUS_MOVE = YES;
				CLANG_WARN_UNGUARDED_AVAILABILITY = YES_AGGRESSIVE;
				CLANG_WARN_UNREACHABLE_CODE = YES;
				CLANG_WARN__DUPLICATE_METHOD_MATCH = YES;
				COPY_PHASE_STRIP = NO;
				DEBUG_INFORMATION_FORMAT = "dwarf-with-dsym";
				ENABLE_NS_ASSERTIONS = NO;
				ENABLE_STRICT_OBJC_MSGSEND = YES;
				ENABLE_USER_SCRIPT_SANDBOXING = NO;
				GCC_C_LANGUAGE_STANDARD = gnu17;
				GCC_NO_COMMON_BLOCKS = YES;
				GCC_WARN_64_TO_32_BIT_CONVERSION = YES;
				GCC_WARN_ABOUT_RETURN_TYPE = YES_ERROR;
				GCC_WARN_UNDECLARED_SELECTOR = YES;
				GCC_WARN_UNINITIALIZED_AUTOS = YES_AGGRESSIVE;
				GCC_WARN_UNUSED_FUNCTION = YES;
				GCC_WARN_UNUSED_VARIABLE = YES;
				IPHONEOS_DEPLOYMENT_TARGET = 17.4;
				LOCALIZATION_PREFERS_STRING_CATALOGS = YES;
				MTL_ENABLE_DEBUG_INFO = NO;
				MTL_FAST_MATH = YES;
				SDKROOT = iphoneos;
				SWIFT_COMPILATION_MODE = wholemodule;
				VALIDATE_PRODUCT = YES;
			};
			name = Release;
		};
		A7BB16712C239D62004211B3 /* Debug */ = {
			isa = XCBuildConfiguration;
			baseConfigurationReference = 999C88EE7FEEDC91A60908DD /* Pods-RickAndMorty.debug.xcconfig */;
			buildSettings = {
				ASSETCATALOG_COMPILER_APPICON_NAME = AppIcon;
				ASSETCATALOG_COMPILER_GLOBAL_ACCENT_COLOR_NAME = AccentColor;
				CODE_SIGN_STYLE = Automatic;
				CURRENT_PROJECT_VERSION = 1;
				DEVELOPMENT_ASSET_PATHS = "\"RickAndMorty/Preview Content\"";
				DEVELOPMENT_TEAM = BGV6KH8286;
				ENABLE_PREVIEWS = YES;
				GENERATE_INFOPLIST_FILE = YES;
				INFOPLIST_KEY_CFBundleDisplayName = "Rick And Morty";
				INFOPLIST_KEY_LSApplicationCategoryType = "public.app-category.entertainment";
				INFOPLIST_KEY_UIApplicationSceneManifest_Generation = YES;
				INFOPLIST_KEY_UIApplicationSupportsIndirectInputEvents = YES;
				INFOPLIST_KEY_UILaunchScreen_Generation = YES;
				INFOPLIST_KEY_UISupportedInterfaceOrientations = UIInterfaceOrientationPortrait;
				IPHONEOS_DEPLOYMENT_TARGET = 16.0;
				LD_RUNPATH_SEARCH_PATHS = (
					"$(inherited)",
					"@executable_path/Frameworks",
				);
				MARKETING_VERSION = 1.0;
				PRODUCT_BUNDLE_IDENTIFIER = erick.RickAndMorty;
				PRODUCT_NAME = "$(TARGET_NAME)";
				SUPPORTED_PLATFORMS = "iphoneos iphonesimulator";
				SUPPORTS_MACCATALYST = NO;
				SUPPORTS_MAC_DESIGNED_FOR_IPHONE_IPAD = NO;
				SUPPORTS_XR_DESIGNED_FOR_IPHONE_IPAD = NO;
				SWIFT_EMIT_LOC_STRINGS = YES;
				SWIFT_VERSION = 5.0;
				TARGETED_DEVICE_FAMILY = 1;
			};
			name = Debug;
		};
		A7BB16722C239D62004211B3 /* Release */ = {
			isa = XCBuildConfiguration;
			baseConfigurationReference = EEC49894DDAD057ACDDCE55A /* Pods-RickAndMorty.release.xcconfig */;
			buildSettings = {
				ASSETCATALOG_COMPILER_APPICON_NAME = AppIcon;
				ASSETCATALOG_COMPILER_GLOBAL_ACCENT_COLOR_NAME = AccentColor;
				CODE_SIGN_STYLE = Automatic;
				CURRENT_PROJECT_VERSION = 1;
				DEVELOPMENT_ASSET_PATHS = "\"RickAndMorty/Preview Content\"";
				DEVELOPMENT_TEAM = BGV6KH8286;
				ENABLE_PREVIEWS = YES;
				GENERATE_INFOPLIST_FILE = YES;
				INFOPLIST_KEY_CFBundleDisplayName = "Rick And Morty";
				INFOPLIST_KEY_LSApplicationCategoryType = "public.app-category.entertainment";
				INFOPLIST_KEY_UIApplicationSceneManifest_Generation = YES;
				INFOPLIST_KEY_UIApplicationSupportsIndirectInputEvents = YES;
				INFOPLIST_KEY_UILaunchScreen_Generation = YES;
				INFOPLIST_KEY_UISupportedInterfaceOrientations = UIInterfaceOrientationPortrait;
				IPHONEOS_DEPLOYMENT_TARGET = 16.0;
				LD_RUNPATH_SEARCH_PATHS = (
					"$(inherited)",
					"@executable_path/Frameworks",
				);
				MARKETING_VERSION = 1.0;
				PRODUCT_BUNDLE_IDENTIFIER = erick.RickAndMorty;
				PRODUCT_NAME = "$(TARGET_NAME)";
				SUPPORTED_PLATFORMS = "iphoneos iphonesimulator";
				SUPPORTS_MACCATALYST = NO;
				SUPPORTS_MAC_DESIGNED_FOR_IPHONE_IPAD = NO;
				SUPPORTS_XR_DESIGNED_FOR_IPHONE_IPAD = NO;
				SWIFT_EMIT_LOC_STRINGS = YES;
				SWIFT_VERSION = 5.0;
				TARGETED_DEVICE_FAMILY = 1;
			};
			name = Release;
		};
/* End XCBuildConfiguration section */

/* Begin XCConfigurationList section */
		A7BB16582C239D60004211B3 /* Build configuration list for PBXProject "RickAndMorty" */ = {
			isa = XCConfigurationList;
			buildConfigurations = (
				A7BB166E2C239D62004211B3 /* Debug */,
				A7BB166F2C239D62004211B3 /* Release */,
			);
			defaultConfigurationIsVisible = 0;
			defaultConfigurationName = Release;
		};
		A7BB16702C239D62004211B3 /* Build configuration list for PBXNativeTarget "RickAndMorty" */ = {
			isa = XCConfigurationList;
			buildConfigurations = (
				A7BB16712C239D62004211B3 /* Debug */,
				A7BB16722C239D62004211B3 /* Release */,
			);
			defaultConfigurationIsVisible = 0;
			defaultConfigurationName = Release;
		};
/* End XCConfigurationList section */

/* Begin XCRemoteSwiftPackageReference section */
		A71B67332C29A708000D2056 /* XCRemoteSwiftPackageReference "firebase-ios-sdk" */ = {
			isa = XCRemoteSwiftPackageReference;
			repositoryURL = "https://github.com/firebase/firebase-ios-sdk";
			requirement = {
				kind = upToNextMajorVersion;
				minimumVersion = 10.28.0;
			};
		};
		A71B67572C29AB39000D2056 /* XCRemoteSwiftPackageReference "GoogleSignIn-iOS" */ = {
			isa = XCRemoteSwiftPackageReference;
			repositoryURL = "https://github.com/google/GoogleSignIn-iOS";
			requirement = {
				kind = upToNextMajorVersion;
				minimumVersion = 7.1.0;
			};
		};
/* End XCRemoteSwiftPackageReference section */

/* Begin XCSwiftPackageProductDependency section */
		A71B67342C29A708000D2056 /* FirebaseAnalytics */ = {
			isa = XCSwiftPackageProductDependency;
			package = A71B67332C29A708000D2056 /* XCRemoteSwiftPackageReference "firebase-ios-sdk" */;
			productName = FirebaseAnalytics;
		};
		A71B67362C29A708000D2056 /* FirebaseAnalyticsSwift */ = {
			isa = XCSwiftPackageProductDependency;
			package = A71B67332C29A708000D2056 /* XCRemoteSwiftPackageReference "firebase-ios-sdk" */;
			productName = FirebaseAnalyticsSwift;
		};
		A71B67382C29A708000D2056 /* FirebaseAnalyticsWithoutAdIdSupport */ = {
			isa = XCSwiftPackageProductDependency;
			package = A71B67332C29A708000D2056 /* XCRemoteSwiftPackageReference "firebase-ios-sdk" */;
			productName = FirebaseAnalyticsWithoutAdIdSupport;
		};
		A71B673A2C29A708000D2056 /* FirebaseAppCheck */ = {
			isa = XCSwiftPackageProductDependency;
			package = A71B67332C29A708000D2056 /* XCRemoteSwiftPackageReference "firebase-ios-sdk" */;
			productName = FirebaseAppCheck;
		};
		A71B673C2C29A708000D2056 /* FirebaseAuth */ = {
			isa = XCSwiftPackageProductDependency;
			package = A71B67332C29A708000D2056 /* XCRemoteSwiftPackageReference "firebase-ios-sdk" */;
			productName = FirebaseAuth;
		};
		A71B673E2C29A708000D2056 /* FirebaseAuthCombine-Community */ = {
			isa = XCSwiftPackageProductDependency;
			package = A71B67332C29A708000D2056 /* XCRemoteSwiftPackageReference "firebase-ios-sdk" */;
			productName = "FirebaseAuthCombine-Community";
		};
		A71B67402C29A708000D2056 /* FirebaseCrashlytics */ = {
			isa = XCSwiftPackageProductDependency;
			package = A71B67332C29A708000D2056 /* XCRemoteSwiftPackageReference "firebase-ios-sdk" */;
			productName = FirebaseCrashlytics;
		};
		A71B67422C29A708000D2056 /* FirebaseDynamicLinks */ = {
			isa = XCSwiftPackageProductDependency;
			package = A71B67332C29A708000D2056 /* XCRemoteSwiftPackageReference "firebase-ios-sdk" */;
			productName = FirebaseDynamicLinks;
		};
		A71B67442C29A708000D2056 /* FirebaseFirestoreCombine-Community */ = {
			isa = XCSwiftPackageProductDependency;
			package = A71B67332C29A708000D2056 /* XCRemoteSwiftPackageReference "firebase-ios-sdk" */;
			productName = "FirebaseFirestoreCombine-Community";
		};
		A71B67462C29A708000D2056 /* FirebaseFirestoreSwift */ = {
			isa = XCSwiftPackageProductDependency;
			package = A71B67332C29A708000D2056 /* XCRemoteSwiftPackageReference "firebase-ios-sdk" */;
			productName = FirebaseFirestoreSwift;
		};
		A71B67482C29A708000D2056 /* FirebaseMessaging */ = {
			isa = XCSwiftPackageProductDependency;
			package = A71B67332C29A708000D2056 /* XCRemoteSwiftPackageReference "firebase-ios-sdk" */;
			productName = FirebaseMessaging;
		};
		A71B674A2C29A708000D2056 /* FirebaseRemoteConfig */ = {
			isa = XCSwiftPackageProductDependency;
			package = A71B67332C29A708000D2056 /* XCRemoteSwiftPackageReference "firebase-ios-sdk" */;
			productName = FirebaseRemoteConfig;
		};
		A71B674C2C29A708000D2056 /* FirebaseStorage */ = {
			isa = XCSwiftPackageProductDependency;
			package = A71B67332C29A708000D2056 /* XCRemoteSwiftPackageReference "firebase-ios-sdk" */;
			productName = FirebaseStorage;
		};
		A71B67582C29AB39000D2056 /* GoogleSignIn */ = {
			isa = XCSwiftPackageProductDependency;
			package = A71B67572C29AB39000D2056 /* XCRemoteSwiftPackageReference "GoogleSignIn-iOS" */;
			productName = GoogleSignIn;
		};
		A71B675A2C29AB39000D2056 /* GoogleSignInSwift */ = {
			isa = XCSwiftPackageProductDependency;
			package = A71B67572C29AB39000D2056 /* XCRemoteSwiftPackageReference "GoogleSignIn-iOS" */;
			productName = GoogleSignInSwift;
		};
/* End XCSwiftPackageProductDependency section */

/* Begin XCVersionGroup section */
		A7BB166B2C239D62004211B3 /* RickAndMorty.xcdatamodeld */ = {
			isa = XCVersionGroup;
			children = (
				A7BB166C2C239D62004211B3 /* RickAndMorty.xcdatamodel */,
			);
			currentVersion = A7BB166C2C239D62004211B3 /* RickAndMorty.xcdatamodel */;
			path = RickAndMorty.xcdatamodeld;
			sourceTree = "<group>";
			versionGroupType = wrapper.xcdatamodel;
		};
/* End XCVersionGroup section */
	};
	rootObject = A7BB16552C239D60004211B3 /* Project object */;
}
